// !$*UTF8*$!
{
	archiveVersion = 1;
	classes = {
	};
	objectVersion = 55;
	objects = {

/* Begin PBXBuildFile section */
		9419E00527D62C8300F15B72 /* AppDelegate.swift in Sources */ = {isa = PBXBuildFile; fileRef = 9419E00427D62C8300F15B72 /* AppDelegate.swift */; };
		9419E00727D62C8300F15B72 /* SceneDelegate.swift in Sources */ = {isa = PBXBuildFile; fileRef = 9419E00627D62C8300F15B72 /* SceneDelegate.swift */; };
		9419E00927D62C8300F15B72 /* ViewController.swift in Sources */ = {isa = PBXBuildFile; fileRef = 9419E00827D62C8300F15B72 /* ViewController.swift */; };
		9419E00C27D62C8300F15B72 /* Main.storyboard in Resources */ = {isa = PBXBuildFile; fileRef = 9419E00A27D62C8300F15B72 /* Main.storyboard */; };
		9419E00E27D62C8500F15B72 /* Assets.xcassets in Resources */ = {isa = PBXBuildFile; fileRef = 9419E00D27D62C8500F15B72 /* Assets.xcassets */; };
		9419E01127D62C8500F15B72 /* LaunchScreen.storyboard in Resources */ = {isa = PBXBuildFile; fileRef = 9419E00F27D62C8500F15B72 /* LaunchScreen.storyboard */; };
		9419E01B27D62DEA00F15B72 /* SuguePushViewController.swift in Sources */ = {isa = PBXBuildFile; fileRef = 9419E01A27D62DEA00F15B72 /* SuguePushViewController.swift */; };
		9419E01F27D62FA500F15B72 /* SuguePresentViewController.swift in Sources */ = {isa = PBXBuildFile; fileRef = 9419E01E27D62FA500F15B72 /* SuguePresentViewController.swift */; };
		9419E02127D6317900F15B72 /* CodePushViewController.swift in Sources */ = {isa = PBXBuildFile; fileRef = 9419E02027D6317900F15B72 /* CodePushViewController.swift */; };
		9419E02327D6333300F15B72 /* CodePresentViewController.swift in Sources */ = {isa = PBXBuildFile; fileRef = 9419E02227D6333300F15B72 /* CodePresentViewController.swift */; };
/* End PBXBuildFile section */

/* Begin PBXFileReference section */
		9419E00127D62C8300F15B72 /* ScreenTransactionExample.app */ = {isa = PBXFileReference; explicitFileType = wrapper.application; includeInIndex = 0; path = ScreenTransactionExample.app; sourceTree = BUILT_PRODUCTS_DIR; };
		9419E00427D62C8300F15B72 /* AppDelegate.swift */ = {isa = PBXFileReference; lastKnownFileType = sourcecode.swift; path = AppDelegate.swift; sourceTree = "<group>"; };
		9419E00627D62C8300F15B72 /* SceneDelegate.swift */ = {isa = PBXFileReference; lastKnownFileType = sourcecode.swift; path = SceneDelegate.swift; sourceTree = "<group>"; };
		9419E00827D62C8300F15B72 /* ViewController.swift */ = {isa = PBXFileReference; lastKnownFileType = sourcecode.swift; path = ViewController.swift; sourceTree = "<group>"; };
		9419E00B27D62C8300F15B72 /* Base */ = {isa = PBXFileReference; lastKnownFileType = file.storyboard; name = Base; path = Base.lproj/Main.storyboard; sourceTree = "<group>"; };
		9419E00D27D62C8500F15B72 /* Assets.xcassets */ = {isa = PBXFileReference; lastKnownFileType = folder.assetcatalog; path = Assets.xcassets; sourceTree = "<group>"; };
		9419E01027D62C8500F15B72 /* Base */ = {isa = PBXFileReference; lastKnownFileType = file.storyboard; name = Base; path = Base.lproj/LaunchScreen.storyboard; sourceTree = "<group>"; };
		9419E01227D62C8500F15B72 /* Info.plist */ = {isa = PBXFileReference; lastKnownFileType = text.plist.xml; path = Info.plist; sourceTree = "<group>"; };
		9419E01A27D62DEA00F15B72 /* SuguePushViewController.swift */ = {isa = PBXFileReference; lastKnownFileType = sourcecode.swift; path = SuguePushViewController.swift; sourceTree = "<group>"; };
		9419E01E27D62FA500F15B72 /* SuguePresentViewController.swift */ = {isa = PBXFileReference; lastKnownFileType = sourcecode.swift; path = SuguePresentViewController.swift; sourceTree = "<group>"; };
		9419E02027D6317900F15B72 /* CodePushViewController.swift */ = {isa = PBXFileReference; lastKnownFileType = sourcecode.swift; path = CodePushViewController.swift; sourceTree = "<group>"; };
		9419E02227D6333300F15B72 /* CodePresentViewController.swift */ = {isa = PBXFileReference; lastKnownFileType = sourcecode.swift; path = CodePresentViewController.swift; sourceTree = "<group>"; };
/* End PBXFileReference section */

/* Begin PBXFrameworksBuildPhase section */
		9419DFFE27D62C8300F15B72 /* Frameworks */ = {
			isa = PBXFrameworksBuildPhase;
			buildActionMask = 2147483647;
			files = (
			);
			runOnlyForDeploymentPostprocessing = 0;
		};
/* End PBXFrameworksBuildPhase section */

/* Begin PBXGroup section */
		9419DFF827D62C8300F15B72 = {
			isa = PBXGroup;
			children = (
				9419E00327D62C8300F15B72 /* ScreenTransactionExample */,
				9419E00227D62C8300F15B72 /* Products */,
			);
			sourceTree = "<group>";
		};
		9419E00227D62C8300F15B72 /* Products */ = {
			isa = PBXGroup;
			children = (
				9419E00127D62C8300F15B72 /* ScreenTransactionExample.app */,
			);
			name = Products;
			sourceTree = "<group>";
		};
		9419E00327D62C8300F15B72 /* ScreenTransactionExample */ = {
			isa = PBXGroup;
			children = (
				9419E00427D62C8300F15B72 /* AppDelegate.swift */,
				9419E00627D62C8300F15B72 /* SceneDelegate.swift */,
				9419E00827D62C8300F15B72 /* ViewController.swift */,
				9419E00A27D62C8300F15B72 /* Main.storyboard */,
				9419E00D27D62C8500F15B72 /* Assets.xcassets */,
				9419E00F27D62C8500F15B72 /* LaunchScreen.storyboard */,
				9419E01227D62C8500F15B72 /* Info.plist */,
				9419E01A27D62DEA00F15B72 /* SuguePushViewController.swift */,
				9419E01E27D62FA500F15B72 /* SuguePresentViewController.swift */,
				9419E02027D6317900F15B72 /* CodePushViewController.swift */,
				9419E02227D6333300F15B72 /* CodePresentViewController.swift */,
			);
			path = ScreenTransactionExample;
			sourceTree = "<group>";
		};
/* End PBXGroup section */

/* Begin PBXNativeTarget section */
		9419E00027D62C8300F15B72 /* ScreenTransactionExample */ = {
			isa = PBXNativeTarget;
			buildConfigurationList = 9419E01527D62C8500F15B72 /* Build configuration list for PBXNativeTarget "ScreenTransactionExample" */;
			buildPhases = (
				9419DFFD27D62C8300F15B72 /* Sources */,
				9419DFFE27D62C8300F15B72 /* Frameworks */,
				9419DFFF27D62C8300F15B72 /* Resources */,
			);
			buildRules = (
			);
			dependencies = (
			);
			name = ScreenTransactionExample;
			productName = ScreenTransactionExample;
			productReference = 9419E00127D62C8300F15B72 /* ScreenTransactionExample.app */;
			productType = "com.apple.product-type.application";
		};
/* End PBXNativeTarget section */

/* Begin PBXProject section */
		9419DFF927D62C8300F15B72 /* Project object */ = {
			isa = PBXProject;
			attributes = {
				BuildIndependentTargetsInParallel = 1;
				LastSwiftUpdateCheck = 1320;
				LastUpgradeCheck = 1320;
				TargetAttributes = {
					9419E00027D62C8300F15B72 = {
						CreatedOnToolsVersion = 13.2.1;
					};
				};
			};
			buildConfigurationList = 9419DFFC27D62C8300F15B72 /* Build configuration list for PBXProject "ScreenTransactionExample" */;
			compatibilityVersion = "Xcode 13.0";
			developmentRegion = en;
			hasScannedForEncodings = 0;
			knownRegions = (
				en,
				Base,
			);
			mainGroup = 9419DFF827D62C8300F15B72;
			productRefGroup = 9419E00227D62C8300F15B72 /* Products */;
			projectDirPath = "";
			projectRoot = "";
			targets = (
				9419E00027D62C8300F15B72 /* ScreenTransactionExample */,
			);
		};
/* End PBXProject section */

/* Begin PBXResourcesBuildPhase section */
		9419DFFF27D62C8300F15B72 /* Resources */ = {
			isa = PBXResourcesBuildPhase;
			buildActionMask = 2147483647;
			files = (
				9419E01127D62C8500F15B72 /* LaunchScreen.storyboard in Resources */,
				9419E00E27D62C8500F15B72 /* Assets.xcassets in Resources */,
				9419E00C27D62C8300F15B72 /* Main.storyboard in Resources */,
			);
			runOnlyForDeploymentPostprocessing = 0;
		};
/* End PBXResourcesBuildPhase section */

/* Begin PBXSourcesBuildPhase section */
		9419DFFD27D62C8300F15B72 /* Sources */ = {
			isa = PBXSourcesBuildPhase;
			buildActionMask = 2147483647;
			files = (
				9419E01F27D62FA500F15B72 /* SuguePresentViewController.swift in Sources */,
				9419E02127D6317900F15B72 /* CodePushViewController.swift in Sources */,
				9419E01B27D62DEA00F15B72 /* SuguePushViewController.swift in Sources */,
				9419E00927D62C8300F15B72 /* ViewController.swift in Sources */,
				9419E02327D6333300F15B72 /* CodePresentViewController.swift in Sources */,
				9419E00527D62C8300F15B72 /* AppDelegate.swift in Sources */,
				9419E00727D62C8300F15B72 /* SceneDelegate.swift in Sources */,
			);
			runOnlyForDeploymentPostprocessing = 0;
		};
/* End PBXSourcesBuildPhase section */

/* Begin PBXVariantGroup section */
		9419E00A27D62C8300F15B72 /* Main.storyboard */ = {
			isa = PBXVariantGroup;
			children = (
				9419E00B27D62C8300F15B72 /* Base */,
			);
			name = Main.storyboard;
			sourceTree = "<group>";
		};
		9419E00F27D62C8500F15B72 /* LaunchScreen.storyboard */ = {
			isa = PBXVariantGroup;
			children = (
				9419E01027D62C8500F15B72 /* Base */,
			);
			name = LaunchScreen.storyboard;
			sourceTree = "<group>";
		};
/* End PBXVariantGroup section */

/* Begin XCBuildConfiguration section */
		9419E01327D62C8500F15B72 /* Debug */ = {
			isa = XCBuildConfiguration;
			buildSettings = {
				ALWAYS_SEARCH_USER_PATHS = NO;
				CLANG_ANALYZER_NONNULL = YES;
				CLANG_ANALYZER_NUMBER_OBJECT_CONVERSION = YES_AGGRESSIVE;
				CLANG_CXX_LANGUAGE_STANDARD = "gnu++17";
				CLANG_CXX_LIBRARY = "libc++";
				CLANG_ENABLE_MODULES = YES;
				CLANG_ENABLE_OBJC_ARC = YES;
				CLANG_ENABLE_OBJC_WEAK = YES;
				CLANG_WARN_BLOCK_CAPTURE_AUTORELEASING = YES;
				CLANG_WARN_BOOL_CONVERSION = YES;
				CLANG_WARN_COMMA = YES;
				CLANG_WARN_CONSTANT_CONVERSION = YES;
				CLANG_WARN_DEPRECATED_OBJC_IMPLEMENTATIONS = YES;
				CLANG_WARN_DIRECT_OBJC_ISA_USAGE = YES_ERROR;
				CLANG_WARN_DOCUMENTATION_COMMENTS = YES;
				CLANG_WARN_EMPTY_BODY = YES;
				CLANG_WARN_ENUM_CONVERSION = YES;
				CLANG_WARN_INFINITE_RECURSION = YES;
				CLANG_WARN_INT_CONVERSION = YES;
				CLANG_WARN_NON_LITERAL_NULL_CONVERSION = YES;
				CLANG_WARN_OBJC_IMPLICIT_RETAIN_SELF = YES;
				CLANG_WARN_OBJC_LITERAL_CONVERSION = YES;
				CLANG_WARN_OBJC_ROOT_CLASS = YES_ERROR;
				CLANG_WARN_QUOTED_INCLUDE_IN_FRAMEWORK_HEADER = YES;
				CLANG_WARN_RANGE_LOOP_ANALYSIS = YES;
				CLANG_WARN_STRICT_PROTOTYPES = YES;
				CLANG_WARN_SUSPICIOUS_MOVE = YES;
				CLANG_WARN_UNGUARDED_AVAILABILITY = YES_AGGRESSIVE;
				CLANG_WARN_UNREACHABLE_CODE = YES;
				CLANG_WARN__DUPLICATE_METHOD_MATCH = YES;
				COPY_PHASE_STRIP = NO;
				DEBUG_INFORMATION_FORMAT = dwarf;
				ENABLE_STRICT_OBJC_MSGSEND = YES;
				ENABLE_TESTABILITY = YES;
				GCC_C_LANGUAGE_STANDARD = gnu11;
				GCC_DYNAMIC_NO_PIC = NO;
				GCC_NO_COMMON_BLOCKS = YES;
				GCC_OPTIMIZATION_LEVEL = 0;
				GCC_PREPROCESSOR_DEFINITIONS = (
					"DEBUG=1",
					"$(inherited)",
				);
				GCC_WARN_64_TO_32_BIT_CONVERSION = YES;
				GCC_WARN_ABOUT_RETURN_TYPE = YES_ERROR;
				GCC_WARN_UNDECLARED_SELECTOR = YES;
				GCC_WARN_UNINITIALIZED_AUTOS = YES_AGGRESSIVE;
				GCC_WARN_UNUSED_FUNCTION = YES;
				GCC_WARN_UNUSED_VARIABLE = YES;
				IPHONEOS_DEPLOYMENT_TARGET = 15.2;
				MTL_ENABLE_DEBUG_INFO = INCLUDE_SOURCE;
				MTL_FAST_MATH = YES;
				ONLY_ACTIVE_ARCH = YES;
				SDKROOT = iphoneos;
				SWIFT_ACTIVE_COMPILATION_CONDITIONS = DEBUG;
				SWIFT_OPTIMIZATION_LEVEL = "-Onone";
			};
			name = Debug;
		};
		9419E01427D62C8500F15B72 /* Release */ = {
			isa = XCBuildConfiguration;
			buildSettings = {
				ALWAYS_SEARCH_USER_PATHS = NO;
				CLANG_ANALYZER_NONNULL = YES;
				CLANG_ANALYZER_NUMBER_OBJECT_CONVERSION = YES_AGGRESSIVE;
				CLANG_CXX_LANGUAGE_STANDARD = "gnu++17";
				CLANG_CXX_LIBRARY = "libc++";
				CLANG_ENABLE_MODULES = YES;
				CLANG_ENABLE_OBJC_ARC = YES;
				CLANG_ENABLE_OBJC_WEAK = YES;
				CLANG_WARN_BLOCK_CAPTURE_AUTORELEASING = YES;
				CLANG_WARN_BOOL_CONVERSION = YES;
				CLANG_WARN_COMMA = YES;
				CLANG_WARN_CONSTANT_CONVERSION = YES;
				CLANG_WARN_DEPRECATED_OBJC_IMPLEMENTATIONS = YES;
				CLANG_WARN_DIRECT_OBJC_ISA_USAGE = YES_ERROR;
				CLANG_WARN_DOCUMENTATION_COMMENTS = YES;
				CLANG_WARN_EMPTY_BODY = YES;
				CLANG_WARN_ENUM_CONVERSION = YES;
				CLANG_WARN_INFINITE_RECURSION = YES;
				CLANG_WARN_INT_CONVERSION = YES;
				CLANG_WARN_NON_LITERAL_NULL_CONVERSION = YES;
				CLANG_WARN_OBJC_IMPLICIT_RETAIN_SELF = YES;
				CLANG_WARN_OBJC_LITERAL_CONVERSION = YES;
				CLANG_WARN_OBJC_ROOT_CLASS = YES_ERROR;
				CLANG_WARN_QUOTED_INCLUDE_IN_FRAMEWORK_HEADER = YES;
				CLANG_WARN_RANGE_LOOP_ANALYSIS = YES;
				CLANG_WARN_STRICT_PROTOTYPES = YES;
				CLANG_WARN_SUSPICIOUS_MOVE = YES;
				CLANG_WARN_UNGUARDED_AVAILABILITY = YES_AGGRESSIVE;
				CLANG_WARN_UNREACHABLE_CODE = YES;
				CLANG_WARN__DUPLICATE_METHOD_MATCH = YES;
				COPY_PHASE_STRIP = NO;
				DEBUG_INFORMATION_FORMAT = "dwarf-with-dsym";
				ENABLE_NS_ASSERTIONS = NO;
				ENABLE_STRICT_OBJC_MSGSEND = YES;
				GCC_C_LANGUAGE_STANDARD = gnu11;
				GCC_NO_COMMON_BLOCKS = YES;
				GCC_WARN_64_TO_32_BIT_CONVERSION = YES;
				GCC_WARN_ABOUT_RETURN_TYPE = YES_ERROR;
				GCC_WARN_UNDECLARED_SELECTOR = YES;
				GCC_WARN_UNINITIALIZED_AUTOS = YES_AGGRESSIVE;
				GCC_WARN_UNUSED_FUNCTION = YES;
				GCC_WARN_UNUSED_VARIABLE = YES;
				IPHONEOS_DEPLOYMENT_TARGET = 15.2;
				MTL_ENABLE_DEBUG_INFO = NO;
				MTL_FAST_MATH = YES;
				SDKROOT = iphoneos;
				SWIFT_COMPILATION_MODE = wholemodule;
				SWIFT_OPTIMIZATION_LEVEL = "-O";
				VALIDATE_PRODUCT = YES;
			};
			name = Release;
		};
		9419E01627D62C8500F15B72 /* Debug */ = {
			isa = XCBuildConfiguration;
			buildSettings = {
				ASSETCATALOG_COMPILER_APPICON_NAME = AppIcon;
				ASSETCATALOG_COMPILER_GLOBAL_ACCENT_COLOR_NAME = AccentColor;
				CODE_SIGN_STYLE = Automatic;
				CURRENT_PROJECT_VERSION = 1;
				DEVELOPMENT_TEAM = 8D25V2H9Q4;
				GENERATE_INFOPLIST_FILE = YES;
				INFOPLIST_FILE = ScreenTransactionExample/Info.plist;
				INFOPLIST_KEY_UIApplicationSupportsIndirectInputEvents = YES;
				INFOPLIST_KEY_UILaunchStoryboardName = LaunchScreen;
				INFOPLIST_KEY_UIMainStoryboardFile = Main;
				INFOPLIST_KEY_UISupportedInterfaceOrientations_iPad = "UIInterfaceOrientationPortrait UIInterfaceOrientationPortraitUpsideDown UIInterfaceOrientationLandscapeLeft UIInterfaceOrientationLandscapeRight";
				INFOPLIST_KEY_UISupportedInterfaceOrientations_iPhone = "UIInterfaceOrientationPortrait UIInterfaceOrientationLandscapeLeft UIInterfaceOrientationLandscapeRight";
				LD_RUNPATH_SEARCH_PATHS = (
					"$(inherited)",
					"@executable_path/Frameworks",
				);
				MARKETING_VERSION = 1.0;
				PRODUCT_BUNDLE_IDENTIFIER = f.ScreenTransactionExample;
				PRODUCT_NAME = "$(TARGET_NAME)";
				SWIFT_EMIT_LOC_STRINGS = YES;
				SWIFT_VERSION = 5.0;
				TARGETED_DEVICE_FAMILY = "1,2";
			};
			name = Debug;
		};
		9419E01727D62C8500F15B72 /* Release */ = {
			isa = XCBuildConfiguration;
			buildSettings = {
				ASSETCATALOG_COMPILER_APPICON_NAME = AppIcon;
				ASSETCATALOG_COMPILER_GLOBAL_ACCENT_COLOR_NAME = AccentColor;
				CODE_SIGN_STYLE = Automatic;
				CURRENT_PROJECT_VERSION = 1;
				DEVELOPMENT_TEAM = 8D25V2H9Q4;
				GENERATE_INFOPLIST_FILE = YES;
				INFOPLIST_FILE = ScreenTransactionExample/Info.plist;
				INFOPLIST_KEY_UIApplicationSupportsIndirectInputEvents = YES;
				INFOPLIST_KEY_UILaunchStoryboardName = LaunchScreen;
				INFOPLIST_KEY_UIMainStoryboardFile = Main;
				INFOPLIST_KEY_UISupportedInterfaceOrientations_iPad = "UIInterfaceOrientationPortrait UIInterfaceOrientationPortraitUpsideDown UIInterfaceOrientationLandscapeLeft UIInterfaceOrientationLandscapeRight";
				INFOPLIST_KEY_UISupportedInterfaceOrientations_iPhone = "UIInterfaceOrientationPortrait UIInterfaceOrientationLandscapeLeft UIInterfaceOrientationLandscapeRight";
				LD_RUNPATH_SEARCH_PATHS = (
					"$(inherited)",
					"@executable_path/Frameworks",
				);
				MARKETING_VERSION = 1.0;
				PRODUCT_BUNDLE_IDENTIFIER = f.ScreenTransactionExample;
				PRODUCT_NAME = "$(TARGET_NAME)";
				SWIFT_EMIT_LOC_STRINGS = YES;
				SWIFT_VERSION = 5.0;
				TARGETED_DEVICE_FAMILY = "1,2";
			};
			name = Release;
		};
/* End XCBuildConfiguration section */

/* Begin XCConfigurationList section */
		9419DFFC27D62C8300F15B72 /* Build configuration list for PBXProject "ScreenTransactionExample" */ = {
			isa = XCConfigurationList;
			buildConfigurations = (
				9419E01327D62C8500F15B72 /* Debug */,
				9419E01427D62C8500F15B72 /* Release */,
			);
			defaultConfigurationIsVisible = 0;
			defaultConfigurationName = Release;
		};
		9419E01527D62C8500F15B72 /* Build configuration list for PBXNativeTarget "ScreenTransactionExample" */ = {
			isa = XCConfigurationList;
			buildConfigurations = (
				9419E01627D62C8500F15B72 /* Debug */,
				9419E01727D62C8500F15B72 /* Release */,
			);
			defaultConfigurationIsVisible = 0;
			defaultConfigurationName = Release;
		};
/* End XCConfigurationList section */
	};
	rootObject = 9419DFF927D62C8300F15B72 /* Project object */;
}
